
Microsoft Visual Studio Solution File, Format Version 12.00
# Visual Studio Version 16
VisualStudioVersion = 25.0.1700.6
MinimumVisualStudioVersion = 10.0.40219.1
Project("{FAE04EC0-301F-11D3-BF4B-00C04F79EFBC}") = "MovieDatabase", "MovieDatabase\MovieDatabase.csproj", "{0B9725EB-1DDF-4B78-8EA5-791E11EA17F8}"
EndProject
Global
	GlobalSection(SolutionConfigurationPlatforms) = preSolution
		Debug|Any CPU = Debug|Any CPU
		Release|Any CPU = Release|Any CPU
	EndGlobalSection
	GlobalSection(ProjectConfigurationPlatforms) = postSolution
		{0B9725EB-1DDF-4B78-8EA5-791E11EA17F8}.Debug|Any CPU.ActiveCfg = Debug|Any CPU
		{0B9725EB-1DDF-4B78-8EA5-791E11EA17F8}.Debug|Any CPU.Build.0 = Debug|Any CPU
		{0B9725EB-1DDF-4B78-8EA5-791E11EA17F8}.Release|Any CPU.ActiveCfg = Release|Any CPU
		{0B9725EB-1DDF-4B78-8EA5-791E11EA17F8}.Release|Any CPU.Build.0 = Release|Any CPU
	EndGlobalSection
	GlobalSection(SolutionProperties) = preSolution
		HideSolutionNode = FALSE
	EndGlobalSection
	GlobalSection(ExtensibilityGlobals) = postSolution
		SolutionGuid = {85E47439-E507-4353-A62F-7D310425985C}
	EndGlobalSection
EndGlobal
